
Microsoft Visual Studio Solution File, Format Version 12.00
# Visual Studio Version 17
VisualStudioVersion = 17.3.32819.101
MinimumVisualStudioVersion = 10.0.40219.1
Project("{9A19103F-16F7-4668-BE54-9A1E7A4F7556}") = "CourseBaltaDapper", "CourseBaltaDapper\CourseBaltaDapper.csproj", "{FB101D18-B8D0-47E5-84A1-189CB90CE25F}"
EndProject
Project("{FAE04EC0-301F-11D3-BF4B-00C04F79EFBC}") = "CourseProject", "CourseProject\CourseProject.csproj", "{FE615ABB-9FCF-4F72-BF21-53ECBFC340D2}"
EndProject
Global
	GlobalSection(SolutionConfigurationPlatforms) = preSolution
		Debug|Any CPU = Debug|Any CPU
		Release|Any CPU = Release|Any CPU
	EndGlobalSection
	GlobalSection(ProjectConfigurationPlatforms) = postSolution
		{FB101D18-B8D0-47E5-84A1-189CB90CE25F}.Debug|Any CPU.ActiveCfg = Debug|Any CPU
		{FB101D18-B8D0-47E5-84A1-189CB90CE25F}.Debug|Any CPU.Build.0 = Debug|Any CPU
		{FB101D18-B8D0-47E5-84A1-189CB90CE25F}.Release|Any CPU.ActiveCfg = Release|Any CPU
		{FB101D18-B8D0-47E5-84A1-189CB90CE25F}.Release|Any CPU.Build.0 = Release|Any CPU
		{FE615ABB-9FCF-4F72-BF21-53ECBFC340D2}.Debug|Any CPU.ActiveCfg = Debug|Any CPU
		{FE615ABB-9FCF-4F72-BF21-53ECBFC340D2}.Debug|Any CPU.Build.0 = Debug|Any CPU
		{FE615ABB-9FCF-4F72-BF21-53ECBFC340D2}.Release|Any CPU.ActiveCfg = Release|Any CPU
		{FE615ABB-9FCF-4F72-BF21-53ECBFC340D2}.Release|Any CPU.Build.0 = Release|Any CPU
	EndGlobalSection
	GlobalSection(SolutionProperties) = preSolution
		HideSolutionNode = FALSE
	EndGlobalSection
	GlobalSection(ExtensibilityGlobals) = postSolution
		SolutionGuid = {639C479A-72F9-4912-A10D-EB1F5084761A}
	EndGlobalSection
EndGlobal
